PODS:
  - GMLFoundationExtension (0.1.0)
  - Nimble (7.3.4)
  - Quick (1.2.0)

DEPENDENCIES:
  - GMLFoundationExtension (from `../`)
  - Nimble (~> 7.0)
  - Quick (~> 1.2.0)

SPEC REPOS:
  trunk:
    - Nimble
    - Quick

EXTERNAL SOURCES:
  GMLFoundationExtension:
    :path: "../"

SPEC CHECKSUMS:
  GMLFoundationExtension: c8f5ce2f5a1d5f9eedbac08e89e4c36add6598af
  Nimble: 051e3d8912d40138fa5591c78594f95fb172af37
  Quick: 58d203b1c5e27fff7229c4c1ae445ad7069a7a08

PODFILE CHECKSUM: 23974aa13a6991a1c0e4f2a3d95aff3ae78d3471

COCOAPODS: 1.8.4
